{
  "version": 4,
  "terraform_version": "1.10.3",
  "serial": 11,
  "lineage": "851f383c-22f5-40ff-614a-7db47ea69f31",
  "outputs": {
    "public_ip_address": {
      "value": "172.174.72.222",
      "type": "string"
    },
    "resource_group_name": {
      "value": "yao00043-A05-RG",
      "type": "string"
    }
  },
  "resources": [
    {
      "mode": "data",
      "type": "cloudinit_config",
      "name": "apache_config",
      "provider": "provider[\"registry.terraform.io/hashicorp/cloudinit\"]",
      "instances": [
        {
          "schema_version": 0,
          "attributes": {
            "base64_encode": true,
            "boundary": "MIMEBOUNDARY",
            "gzip": false,
            "id": "1980035370",
            "part": [
              {
                "content": "#!/bin/bash\r\nsudo apt-get update\r\nsudo apt-get install -y apache2\r\n",
                "content_type": "text/x-shellscript",
                "filename": "apache-install.sh",
                "merge_type": null
              }
            ],
            "rendered": "Q29udGVudC1UeXBlOiBtdWx0aXBhcnQvbWl4ZWQ7IGJvdW5kYXJ5PSJNSU1FQk9VTkRBUlkiCk1JTUUtVmVyc2lvbjogMS4wDQoNCi0tTUlNRUJPVU5EQVJZDQpDb250ZW50LURpc3Bvc2l0aW9uOiBhdHRhY2htZW50OyBmaWxlbmFtZT0iYXBhY2hlLWluc3RhbGwuc2giDQpDb250ZW50LVRyYW5zZmVyLUVuY29kaW5nOiA3Yml0DQpDb250ZW50LVR5cGU6IHRleHQveC1zaGVsbHNjcmlwdA0KTWltZS1WZXJzaW9uOiAxLjANCg0KIyEvYmluL2Jhc2gNCnN1ZG8gYXB0LWdldCB1cGRhdGUNCnN1ZG8gYXB0LWdldCBpbnN0YWxsIC15IGFwYWNoZTINCg0KLS1NSU1FQk9VTkRBUlktLQ0K"
          },
          "sensitive_attributes": []
        }
      ]
    },
    {
      "mode": "managed",
      "type": "azurerm_linux_virtual_machine",
      "name": "vm",
      "provider": "provider[\"registry.terraform.io/hashicorp/azurerm\"]",
      "instances": [
        {
          "schema_version": 0,
          "attributes": {
            "additional_capabilities": [],
            "admin_password": null,
            "admin_ssh_key": [
              {
                "public_key": "ssh-rsa AAAAB3NzaC1yc2EAAAADAQABAAACAQCrSg6iCAlEvZYHmyId23+5gcwkWG75BMDuA3aapiNcjEuhtWS62sp434jgEpbk/WSV1mi8ezYmuYZA3mMxa1RmexSNU5YAF4FbrEq6Y8MOlcacJMmXCqhMIi/erOq7OkfRNHX7Xe8bsH+TGxyFODlVZyyaToSt78qtBAhQhky0M9dyuuK07U7tW6/HNpmyiVWA1v9fBWYr38z5K1eYLoenScNRYhjDpqSyc1koJsOzTUlwq0799wZ5tzy/ZUdHnIWwZjeuTM56pZ+1SuKkv/TeICLKkwWhZdZATcLiDi++ywbhbKQlRCJct8HTnwedLesn5yd7lzkrJPPDj/aYFF3Woi08AG6KwOvcHZDVSvBQ6W+mM3uO+ZG16qfnaN+N3djVtS6nyG3oYbacaphYa/XFRkkk3B5QDHEpLTutLW/fvncNW2mCl9G2oAVdRs+GHVvma1R/QVBDY6sL1xmtLLwcO9w4VQwXVOK3u2rfYqrWqPeeWSVAwrLutC/m+yX3iXtL4NRmPd0Vghlo7QdLn5lAVIPnVNsn7qOjpSu0D9vrsv9MgD9QhR6EQMBeAe0unUOc8YzCZkbEZ41ZByh5cJGhTPsHI+hN+Zflg7x2NmcFVpz+L9+6obw1oBn8UfQoTZvOZhl27yJeSNEcF8rfxD8RkJIn23xNjLypqjl+TlEO7Q== yitin@myazurevm\r\n",
                "username": "azureadmin"
              }
            ],
            "admin_username": "azureadmin",
            "allow_extension_operations": true,
            "availability_set_id": "",
            "boot_diagnostics": [],
            "computer_name": "yao00043-vm",
            "custom_data": "Q29udGVudC1UeXBlOiBtdWx0aXBhcnQvbWl4ZWQ7IGJvdW5kYXJ5PSJNSU1FQk9VTkRBUlkiCk1JTUUtVmVyc2lvbjogMS4wDQoNCi0tTUlNRUJPVU5EQVJZDQpDb250ZW50LURpc3Bvc2l0aW9uOiBhdHRhY2htZW50OyBmaWxlbmFtZT0iYXBhY2hlLWluc3RhbGwuc2giDQpDb250ZW50LVRyYW5zZmVyLUVuY29kaW5nOiA3Yml0DQpDb250ZW50LVR5cGU6IHRleHQveC1zaGVsbHNjcmlwdA0KTWltZS1WZXJzaW9uOiAxLjANCg0KIyEvYmluL2Jhc2gNCnN1ZG8gYXB0LWdldCB1cGRhdGUNCnN1ZG8gYXB0LWdldCBpbnN0YWxsIC15IGFwYWNoZTINCg0KLS1NSU1FQk9VTkRBUlktLQ0K",
            "dedicated_host_group_id": "",
            "dedicated_host_id": "",
            "disable_password_authentication": true,
            "edge_zone": "",
            "encryption_at_host_enabled": false,
            "eviction_policy": "",
            "extensions_time_budget": "PT1H30M",
            "id": "/subscriptions/d0508ffd-65b4-44c3-ab85-331a0c6b77df/resourceGroups/yao00043-A05-RG/providers/Microsoft.Compute/virtualMachines/yao00043-vm",
            "identity": [],
            "license_type": "",
            "location": "eastus",
            "max_bid_price": -1,
            "name": "yao00043-vm",
            "network_interface_ids": [
              "/subscriptions/d0508ffd-65b4-44c3-ab85-331a0c6b77df/resourceGroups/yao00043-A05-RG/providers/Microsoft.Network/networkInterfaces/yao00043-nic"
            ],
            "os_disk": [
              {
                "caching": "ReadWrite",
                "diff_disk_settings": [],
                "disk_encryption_set_id": "",
                "disk_size_gb": 30,
                "name": "yao00043-vm_disk1_6cb986908c5b4654804411a0a4ec8085",
                "storage_account_type": "Standard_LRS",
                "write_accelerator_enabled": false
              }
            ],
            "patch_mode": "ImageDefault",
            "plan": [],
            "platform_fault_domain": -1,
            "priority": "Regular",
            "private_ip_address": "10.0.1.4",
            "private_ip_addresses": [
              "10.0.1.4"
            ],
            "provision_vm_agent": true,
            "proximity_placement_group_id": "",
            "public_ip_address": "172.174.72.222",
            "public_ip_addresses": [
              "172.174.72.222"
            ],
            "resource_group_name": "yao00043-A05-RG",
            "secret": [],
            "secure_boot_enabled": false,
            "size": "Standard_B1s",
            "source_image_id": "",
            "source_image_reference": [
              {
                "offer": "UbuntuServer",
                "publisher": "Canonical",
                "sku": "18.04-LTS",
                "version": "latest"
              }
            ],
            "tags": {},
            "termination_notification": [],
            "timeouts": null,
            "user_data": "",
            "virtual_machine_id": "65744b1b-66bb-4ecb-b9e9-448214b6fdd5",
            "virtual_machine_scale_set_id": "",
            "vtpm_enabled": false,
            "zone": ""
          },
          "sensitive_attributes": [
            [
              {
                "type": "get_attr",
                "value": "admin_password"
              }
            ],
            [
              {
                "type": "get_attr",
                "value": "custom_data"
              }
            ]
          ],
          "private": "eyJlMmJmYjczMC1lY2FhLTExZTYtOGY4OC0zNDM2M2JjN2M0YzAiOnsiY3JlYXRlIjoyNzAwMDAwMDAwMDAwLCJkZWxldGUiOjI3MDAwMDAwMDAwMDAsInJlYWQiOjMwMDAwMDAwMDAwMCwidXBkYXRlIjoyNzAwMDAwMDAwMDAwfX0=",
          "dependencies": [
            "azurerm_network_interface.nic",
            "azurerm_public_ip.public_ip",
            "azurerm_resource_group.rg",
            "azurerm_subnet.subnet",
            "azurerm_virtual_network.vnet",
            "data.cloudinit_config.apache_config"
          ]
        }
      ]
    },
    {
      "mode": "managed",
      "type": "azurerm_network_interface",
      "name": "nic",
      "provider": "provider[\"registry.terraform.io/hashicorp/azurerm\"]",
      "instances": [
        {
          "schema_version": 0,
          "attributes": {
            "applied_dns_servers": [],
            "dns_servers": [],
            "edge_zone": "",
            "enable_accelerated_networking": false,
            "enable_ip_forwarding": false,
            "id": "/subscriptions/d0508ffd-65b4-44c3-ab85-331a0c6b77df/resourceGroups/yao00043-A05-RG/providers/Microsoft.Network/networkInterfaces/yao00043-nic",
            "internal_dns_name_label": "",
            "internal_domain_name_suffix": "tjskkjmfenfunk1r1bxy0ocswg.bx.internal.cloudapp.net",
            "ip_configuration": [
              {
                "gateway_load_balancer_frontend_ip_configuration_id": "",
                "name": "yao00043-ipconfig",
                "primary": true,
                "private_ip_address": "10.0.1.4",
                "private_ip_address_allocation": "Dynamic",
                "private_ip_address_version": "IPv4",
                "public_ip_address_id": "/subscriptions/d0508ffd-65b4-44c3-ab85-331a0c6b77df/resourceGroups/yao00043-A05-RG/providers/Microsoft.Network/publicIPAddresses/yao00043-publicip",
                "subnet_id": "/subscriptions/d0508ffd-65b4-44c3-ab85-331a0c6b77df/resourceGroups/yao00043-A05-RG/providers/Microsoft.Network/virtualNetworks/yao00043-vnet/subnets/yao00043-subnet"
              }
            ],
            "location": "eastus",
            "mac_address": "00-22-48-20-A4-7C",
            "name": "yao00043-nic",
            "private_ip_address": "10.0.1.4",
            "private_ip_addresses": [
              "10.0.1.4"
            ],
            "resource_group_name": "yao00043-A05-RG",
            "tags": {},
            "timeouts": null,
            "virtual_machine_id": "/subscriptions/d0508ffd-65b4-44c3-ab85-331a0c6b77df/resourceGroups/yao00043-A05-RG/providers/Microsoft.Compute/virtualMachines/yao00043-vm"
          },
          "sensitive_attributes": [],
          "private": "eyJlMmJmYjczMC1lY2FhLTExZTYtOGY4OC0zNDM2M2JjN2M0YzAiOnsiY3JlYXRlIjoxODAwMDAwMDAwMDAwLCJkZWxldGUiOjE4MDAwMDAwMDAwMDAsInJlYWQiOjMwMDAwMDAwMDAwMCwidXBkYXRlIjoxODAwMDAwMDAwMDAwfX0=",
          "dependencies": [
            "azurerm_public_ip.public_ip",
            "azurerm_resource_group.rg",
            "azurerm_subnet.subnet",
            "azurerm_virtual_network.vnet"
          ]
        }
      ]
    },
    {
      "mode": "managed",
      "type": "azurerm_network_interface_security_group_association",
      "name": "nic_nsg_assoc",
      "provider": "provider[\"registry.terraform.io/hashicorp/azurerm\"]",
      "instances": [
        {
          "schema_version": 0,
          "attributes": {
            "id": "/subscriptions/d0508ffd-65b4-44c3-ab85-331a0c6b77df/resourceGroups/yao00043-A05-RG/providers/Microsoft.Network/networkInterfaces/yao00043-nic|/subscriptions/d0508ffd-65b4-44c3-ab85-331a0c6b77df/resourceGroups/yao00043-A05-RG/providers/Microsoft.Network/networkSecurityGroups/yao00043-nsg",
            "network_interface_id": "/subscriptions/d0508ffd-65b4-44c3-ab85-331a0c6b77df/resourceGroups/yao00043-A05-RG/providers/Microsoft.Network/networkInterfaces/yao00043-nic",
            "network_security_group_id": "/subscriptions/d0508ffd-65b4-44c3-ab85-331a0c6b77df/resourceGroups/yao00043-A05-RG/providers/Microsoft.Network/networkSecurityGroups/yao00043-nsg",
            "timeouts": null
          },
          "sensitive_attributes": [],
          "private": "eyJlMmJmYjczMC1lY2FhLTExZTYtOGY4OC0zNDM2M2JjN2M0YzAiOnsiY3JlYXRlIjoxODAwMDAwMDAwMDAwLCJkZWxldGUiOjE4MDAwMDAwMDAwMDAsInJlYWQiOjMwMDAwMDAwMDAwMCwidXBkYXRlIjoxODAwMDAwMDAwMDAwfX0=",
          "dependencies": [
            "azurerm_network_interface.nic",
            "azurerm_network_security_group.nsg",
            "azurerm_public_ip.public_ip",
            "azurerm_resource_group.rg",
            "azurerm_subnet.subnet",
            "azurerm_virtual_network.vnet"
          ]
        }
      ]
    },
    {
      "mode": "managed",
      "type": "azurerm_network_security_group",
      "name": "nsg",
      "provider": "provider[\"registry.terraform.io/hashicorp/azurerm\"]",
      "instances": [
        {
          "schema_version": 0,
          "attributes": {
            "id": "/subscriptions/d0508ffd-65b4-44c3-ab85-331a0c6b77df/resourceGroups/yao00043-A05-RG/providers/Microsoft.Network/networkSecurityGroups/yao00043-nsg",
            "location": "eastus",
            "name": "yao00043-nsg",
            "resource_group_name": "yao00043-A05-RG",
            "security_rule": [
              {
                "access": "Allow",
                "description": "",
                "destination_address_prefix": "*",
                "destination_address_prefixes": [],
                "destination_application_security_group_ids": [],
                "destination_port_range": "22",
                "destination_port_ranges": [],
                "direction": "Inbound",
                "name": "SSH",
                "priority": 1001,
                "protocol": "Tcp",
                "source_address_prefix": "*",
                "source_address_prefixes": [],
                "source_application_security_group_ids": [],
                "source_port_range": "*",
                "source_port_ranges": []
              },
              {
                "access": "Allow",
                "description": "",
                "destination_address_prefix": "*",
                "destination_address_prefixes": [],
                "destination_application_security_group_ids": [],
                "destination_port_range": "80",
                "destination_port_ranges": [],
                "direction": "Inbound",
                "name": "HTTP",
                "priority": 1002,
                "protocol": "Tcp",
                "source_address_prefix": "*",
                "source_address_prefixes": [],
                "source_application_security_group_ids": [],
                "source_port_range": "*",
                "source_port_ranges": []
              }
            ],
            "tags": {},
            "timeouts": null
          },
          "sensitive_attributes": [],
          "private": "eyJlMmJmYjczMC1lY2FhLTExZTYtOGY4OC0zNDM2M2JjN2M0YzAiOnsiY3JlYXRlIjoxODAwMDAwMDAwMDAwLCJkZWxldGUiOjE4MDAwMDAwMDAwMDAsInJlYWQiOjMwMDAwMDAwMDAwMCwidXBkYXRlIjoxODAwMDAwMDAwMDAwfX0=",
          "dependencies": [
            "azurerm_resource_group.rg"
          ]
        }
      ]
    },
    {
      "mode": "managed",
      "type": "azurerm_public_ip",
      "name": "public_ip",
      "provider": "provider[\"registry.terraform.io/hashicorp/azurerm\"]",
      "instances": [
        {
          "schema_version": 0,
          "attributes": {
            "allocation_method": "Static",
            "domain_name_label": null,
            "edge_zone": "",
            "fqdn": null,
            "id": "/subscriptions/d0508ffd-65b4-44c3-ab85-331a0c6b77df/resourceGroups/yao00043-A05-RG/providers/Microsoft.Network/publicIPAddresses/yao00043-publicip",
            "idle_timeout_in_minutes": 4,
            "ip_address": "172.174.72.222",
            "ip_tags": {},
            "ip_version": "IPv4",
            "location": "eastus",
            "name": "yao00043-publicip",
            "public_ip_prefix_id": null,
            "resource_group_name": "yao00043-A05-RG",
            "reverse_fqdn": null,
            "sku": "Basic",
            "sku_tier": "Regional",
            "tags": {},
            "timeouts": null,
            "zones": []
          },
          "sensitive_attributes": [],
          "private": "eyJlMmJmYjczMC1lY2FhLTExZTYtOGY4OC0zNDM2M2JjN2M0YzAiOnsiY3JlYXRlIjoxODAwMDAwMDAwMDAwLCJkZWxldGUiOjE4MDAwMDAwMDAwMDAsInJlYWQiOjMwMDAwMDAwMDAwMCwidXBkYXRlIjoxODAwMDAwMDAwMDAwfX0=",
          "dependencies": [
            "azurerm_resource_group.rg"
          ]
        }
      ]
    },
    {
      "mode": "managed",
      "type": "azurerm_resource_group",
      "name": "rg",
      "provider": "provider[\"registry.terraform.io/hashicorp/azurerm\"]",
      "instances": [
        {
          "schema_version": 0,
          "attributes": {
            "id": "/subscriptions/d0508ffd-65b4-44c3-ab85-331a0c6b77df/resourceGroups/yao00043-A05-RG",
            "location": "eastus",
            "name": "yao00043-A05-RG",
            "tags": {},
            "timeouts": null
          },
          "sensitive_attributes": [],
          "private": "eyJlMmJmYjczMC1lY2FhLTExZTYtOGY4OC0zNDM2M2JjN2M0YzAiOnsiY3JlYXRlIjo1NDAwMDAwMDAwMDAwLCJkZWxldGUiOjU0MDAwMDAwMDAwMDAsInJlYWQiOjMwMDAwMDAwMDAwMCwidXBkYXRlIjo1NDAwMDAwMDAwMDAwfX0="
        }
      ]
    },
    {
      "mode": "managed",
      "type": "azurerm_subnet",
      "name": "subnet",
      "provider": "provider[\"registry.terraform.io/hashicorp/azurerm\"]",
      "instances": [
        {
          "schema_version": 0,
          "attributes": {
            "address_prefixes": [
              "10.0.1.0/24"
            ],
            "delegation": [],
            "enforce_private_link_endpoint_network_policies": false,
            "enforce_private_link_service_network_policies": false,
            "id": "/subscriptions/d0508ffd-65b4-44c3-ab85-331a0c6b77df/resourceGroups/yao00043-A05-RG/providers/Microsoft.Network/virtualNetworks/yao00043-vnet/subnets/yao00043-subnet",
            "name": "yao00043-subnet",
            "resource_group_name": "yao00043-A05-RG",
            "service_endpoint_policy_ids": [],
            "service_endpoints": [],
            "timeouts": null,
            "virtual_network_name": "yao00043-vnet"
          },
          "sensitive_attributes": [],
          "private": "eyJlMmJmYjczMC1lY2FhLTExZTYtOGY4OC0zNDM2M2JjN2M0YzAiOnsiY3JlYXRlIjoxODAwMDAwMDAwMDAwLCJkZWxldGUiOjE4MDAwMDAwMDAwMDAsInJlYWQiOjMwMDAwMDAwMDAwMCwidXBkYXRlIjoxODAwMDAwMDAwMDAwfX0=",
          "dependencies": [
            "azurerm_resource_group.rg",
            "azurerm_virtual_network.vnet"
          ]
        }
      ]
    },
    {
      "mode": "managed",
      "type": "azurerm_virtual_network",
      "name": "vnet",
      "provider": "provider[\"registry.terraform.io/hashicorp/azurerm\"]",
      "instances": [
        {
          "schema_version": 0,
          "attributes": {
            "address_space": [
              "10.0.0.0/16"
            ],
            "bgp_community": "",
            "ddos_protection_plan": [],
            "dns_servers": [],
            "edge_zone": "",
            "flow_timeout_in_minutes": 0,
            "guid": "25a5649a-2385-464b-ab71-d86f8d3852b6",
            "id": "/subscriptions/d0508ffd-65b4-44c3-ab85-331a0c6b77df/resourceGroups/yao00043-A05-RG/providers/Microsoft.Network/virtualNetworks/yao00043-vnet",
            "location": "eastus",
            "name": "yao00043-vnet",
            "resource_group_name": "yao00043-A05-RG",
            "subnet": [
              {
                "address_prefix": "10.0.1.0/24",
                "id": "/subscriptions/d0508ffd-65b4-44c3-ab85-331a0c6b77df/resourceGroups/yao00043-A05-RG/providers/Microsoft.Network/virtualNetworks/yao00043-vnet/subnets/yao00043-subnet",
                "name": "yao00043-subnet",
                "security_group": ""
              }
            ],
            "tags": {},
            "timeouts": null
          },
          "sensitive_attributes": [],
          "private": "eyJlMmJmYjczMC1lY2FhLTExZTYtOGY4OC0zNDM2M2JjN2M0YzAiOnsiY3JlYXRlIjoxODAwMDAwMDAwMDAwLCJkZWxldGUiOjE4MDAwMDAwMDAwMDAsInJlYWQiOjMwMDAwMDAwMDAwMCwidXBkYXRlIjoxODAwMDAwMDAwMDAwfX0=",
          "dependencies": [
            "azurerm_resource_group.rg"
          ]
        }
      ]
    }
  ],
  "check_results": null
}
